
Microsoft Visual Studio Solution File, Format Version 12.00
# Visual Studio Version 17
VisualStudioVersion = 17.8.34525.116
MinimumVisualStudioVersion = 10.0.40219.1
Project("{FAE04EC0-301F-11D3-BF4B-00C04F79EFBC}") = "DesktopFlowCLI", "DesktopFlowCLI.csproj", "{DA066E39-F652-48B8-9CAC-E84CFDE19ABE}"
EndProject
Global
	GlobalSection(SolutionConfigurationPlatforms) = preSolution
		Debug|Any CPU = Debug|Any CPU
		Release|Any CPU = Release|Any CPU
	EndGlobalSection
	GlobalSection(ProjectConfigurationPlatforms) = postSolution
		{DA066E39-F652-48B8-9CAC-E84CFDE19ABE}.Debug|Any CPU.ActiveCfg = Debug|Any CPU
		{DA066E39-F652-48B8-9CAC-E84CFDE19ABE}.Debug|Any CPU.Build.0 = Debug|Any CPU
		{DA066E39-F652-48B8-9CAC-E84CFDE19ABE}.Release|Any CPU.ActiveCfg = Release|Any CPU
		{DA066E39-F652-48B8-9CAC-E84CFDE19ABE}.Release|Any CPU.Build.0 = Release|Any CPU
	EndGlobalSection
	GlobalSection(SolutionProperties) = preSolution
		HideSolutionNode = FALSE
	EndGlobalSection
	GlobalSection(ExtensibilityGlobals) = postSolution
		SolutionGuid = {83C069B2-8C0E-4074-93E8-1F3CFECFD6DC}
	EndGlobalSection
EndGlobal
